
Microsoft Visual Studio Solution File, Format Version 12.00
# Visual Studio Version 17
VisualStudioVersion = 17.8.34309.116
MinimumVisualStudioVersion = 10.0.40219.1
Project("{9A19103F-16F7-4668-BE54-9A1E7A4F7556}") = "YemeniDriver", "YemeniDriver\YemeniDriver.csproj", "{AFAB6B99-D8CF-45FF-88E4-24620B241CE3}"
EndProject
Project("{9A19103F-16F7-4668-BE54-9A1E7A4F7556}") = "YemeniDriver.Test", "YemeniDriver.Test\YemeniDriver.Test.csproj", "{5554152E-EAC7-41EF-8BD5-DA4C169D10C4}"
EndProject
Project("{9A19103F-16F7-4668-BE54-9A1E7A4F7556}") = "YemeniDriver.Client", "YemeniDriver.Client\YemeniDriver.Client.csproj", "{0CFC21E6-736E-44E9-A6CC-C230F357D2E7}"
EndProject
Project("{FAE04EC0-301F-11D3-BF4B-00C04F79EFBC}") = "YemeniDriver.Api", "YemeniDriver.Api\YemeniDriver.Api.csproj", "{104F6ACD-5929-4EF0-A028-55BDE56500BF}"
EndProject
Global
	GlobalSection(SolutionConfigurationPlatforms) = preSolution
		Debug|Any CPU = Debug|Any CPU
		Release|Any CPU = Release|Any CPU
	EndGlobalSection
	GlobalSection(ProjectConfigurationPlatforms) = postSolution
		{AFAB6B99-D8CF-45FF-88E4-24620B241CE3}.Debug|Any CPU.ActiveCfg = Debug|Any CPU
		{AFAB6B99-D8CF-45FF-88E4-24620B241CE3}.Debug|Any CPU.Build.0 = Debug|Any CPU
		{AFAB6B99-D8CF-45FF-88E4-24620B241CE3}.Release|Any CPU.ActiveCfg = Release|Any CPU
		{AFAB6B99-D8CF-45FF-88E4-24620B241CE3}.Release|Any CPU.Build.0 = Release|Any CPU
		{5554152E-EAC7-41EF-8BD5-DA4C169D10C4}.Debug|Any CPU.ActiveCfg = Debug|Any CPU
		{5554152E-EAC7-41EF-8BD5-DA4C169D10C4}.Debug|Any CPU.Build.0 = Debug|Any CPU
		{5554152E-EAC7-41EF-8BD5-DA4C169D10C4}.Release|Any CPU.ActiveCfg = Release|Any CPU
		{5554152E-EAC7-41EF-8BD5-DA4C169D10C4}.Release|Any CPU.Build.0 = Release|Any CPU
		{0CFC21E6-736E-44E9-A6CC-C230F357D2E7}.Debug|Any CPU.ActiveCfg = Debug|Any CPU
		{0CFC21E6-736E-44E9-A6CC-C230F357D2E7}.Debug|Any CPU.Build.0 = Debug|Any CPU
		{0CFC21E6-736E-44E9-A6CC-C230F357D2E7}.Release|Any CPU.ActiveCfg = Release|Any CPU
		{0CFC21E6-736E-44E9-A6CC-C230F357D2E7}.Release|Any CPU.Build.0 = Release|Any CPU
		{104F6ACD-5929-4EF0-A028-55BDE56500BF}.Debug|Any CPU.ActiveCfg = Debug|Any CPU
		{104F6ACD-5929-4EF0-A028-55BDE56500BF}.Debug|Any CPU.Build.0 = Debug|Any CPU
		{104F6ACD-5929-4EF0-A028-55BDE56500BF}.Release|Any CPU.ActiveCfg = Release|Any CPU
		{104F6ACD-5929-4EF0-A028-55BDE56500BF}.Release|Any CPU.Build.0 = Release|Any CPU
	EndGlobalSection
	GlobalSection(SolutionProperties) = preSolution
		HideSolutionNode = FALSE
	EndGlobalSection
	GlobalSection(ExtensibilityGlobals) = postSolution
		SolutionGuid = {2C7373A8-EB8B-413A-999B-49886034EF71}
	EndGlobalSection
EndGlobal
